<?xml version="1.0" encoding="utf-8"?>
<Project ToolsVersion="4.0" xmlns="http://schemas.microsoft.com/developer/msbuild/2003">
  <ItemGroup>
    <ApplicationDefinition Include="App.xaml" />
  </ItemGroup>
  <ItemGroup>
  </ItemGroup>
  <ItemGroup>
  </ItemGroup>
  <ItemGroup>
    <ClCompile Include="pch.cpp" />
    <ClCompile Include="$(GeneratedFilesDir)module.g.cpp" />
  </ItemGroup>
  <ItemGroup>
    <ClInclude Include="pch.h" />
  </ItemGroup>
  <ItemGroup>
    <Filter Include="Assets">
      <UniqueIdentifier>{e48dc53e-40b1-40cb-970a-f89935452892}</UniqueIdentifier>
    </Filter>
    <Filter Include="Tabs">
      <UniqueIdentifier>{6F2B3D8E-9C4A-47A1-B2D5-E8F1A3C6D9B0}</UniqueIdentifier>
    </Filter>
    <Filter Include="Tabs\Panes">
      <UniqueIdentifier>{8A5D7C1F-3B6E-49C4-A0F2-D7E9B4F8C2A1}</UniqueIdentifier>
    </Filter>
    <Filter Include="Display">
      <UniqueIdentifier>{B3E9F5A2-7C8D-4E6A-9F1B-2D5E8C3A6F4D}</UniqueIdentifier>
    </Filter>
    <Filter Include="Input">
      <UniqueIdentifier>{A6D4F1B8-3C5E-4978-8B2A-1F7C6E9D5B3A}</UniqueIdentifier>
    </Filter>
    <Filter Include="Terminal">
      <UniqueIdentifier>{ebe130d7-defa-44f7-a704-52ddccc53b60}</UniqueIdentifier>
    </Filter>
    <Filter Include="Terminal\Overlays">
      <UniqueIdentifier>{d92e6ba2-ac19-42f4-b02f-35b55c3b32bc}</UniqueIdentifier>
    </Filter>
    <Filter Include="Windows">
      <UniqueIdentifier>{6f8380b0-f6ad-449b-aeac-091578b99d9c}</UniqueIdentifier>
    </Filter>
    <Filter Include="Ghostty">
      <UniqueIdentifier>{C7F2A1D5-4B6E-49A3-B8C2-3D5E7A8F1C9B}</UniqueIdentifier>
    </Filter>
  </ItemGroup>
  <ItemGroup>
    <ClInclude Include="Tabs\Tab.h">
      <Filter>Tabs</Filter>
    </ClInclude>
    <ClInclude Include="Tabs\Tabs.h">
      <Filter>Tabs</Filter>
    </ClInclude>
    <ClInclude Include="Tabs\TabFactory.h">
      <Filter>Tabs</Filter>
    </ClInclude>
    <ClInclude Include="Tabs\ParkedTabs.h">
      <Filter>Tabs</Filter>
    </ClInclude>
    <ClInclude Include="Tabs\PressedTab.h">
      <Filter>Tabs</Filter>
    </ClInclude>
    <ClInclude Include="Tabs\TabDrag.h">
      <Filter>Tabs</Filter>
    </ClInclude>
    <ClInclude Include="Tabs\Panes\Branch.h">
      <Filter>Tabs\Panes</Filter>
    </ClInclude>
    <ClInclude Include="Tabs\Panes\Pane.h">
      <Filter>Tabs\Panes</Filter>
    </ClInclude>
    <ClInclude Include="Tabs\Panes\PaneId.h">
      <Filter>Tabs\Panes</Filter>
    </ClInclude>
    <ClInclude Include="Tabs\Panes\PaneIdAllocator.h">
      <Filter>Tabs\Panes</Filter>
    </ClInclude>
    <ClInclude Include="Tabs\Panes\Split.h">
      <Filter>Tabs\Panes</Filter>
    </ClInclude>
    <ClInclude Include="Tabs\Panes\Tree.h">
      <Filter>Tabs\Panes</Filter>
    </ClInclude>
    <ClInclude Include="Display\PhysicalPixels.h">
      <Filter>Display</Filter>
    </ClInclude>
    <ClInclude Include="Input\TerminalKeyDown.h">
      <Filter>Input</Filter>
    </ClInclude>
    <ClInclude Include="Input\TerminalKeyUp.h">
      <Filter>Input</Filter>
    </ClInclude>
    <ClInclude Include="Ghostty\MainWindowRuntime.h">
      <Filter>Ghostty</Filter>
    </ClInclude>
    <ClInclude Include="Windows\MainWindow.xaml.h">
      <Filter>Windows</Filter>
    </ClInclude>
    <ClInclude Include="Windows\MainWindows.h">
      <Filter>Windows</Filter>
    </ClInclude>
    <ClInclude Include="Windows\WindowCloseGate.h">
      <Filter>Windows</Filter>
    </ClInclude>
    <ClInclude Include="Windows\TransparentBackdrop.h">
      <Filter>Windows</Filter>
    </ClInclude>
    <ClInclude Include="Tabs\SplitPanel.h">
      <Filter>Tabs</Filter>
    </ClInclude>
    <ClInclude Include="Terminal\TerminalControl.xaml.h">
      <Filter>Terminal</Filter>
    </ClInclude>
    <ClInclude Include="Terminal\ImeSession.h">
      <Filter>Terminal</Filter>
    </ClInclude>
    <ClInclude Include="Terminal\SurfaceHost.h">
      <Filter>Terminal</Filter>
    </ClInclude>
    <ClInclude Include="Terminal\Overlays\PaneStatusOverlay.xaml.h">
      <Filter>Terminal\Overlays</Filter>
    </ClInclude>
    <ClInclude Include="Terminal\Overlays\ScrollbackOverlay.xaml.h">
      <Filter>Terminal\Overlays</Filter>
    </ClInclude>
    <ClInclude Include="Terminal\Overlays\IKeyboardOverlay.h">
      <Filter>Terminal\Overlays</Filter>
    </ClInclude>
    <ClInclude Include="Terminal\Overlays\SearchOverlay.xaml.h">
      <Filter>Terminal\Overlays</Filter>
    </ClInclude>
  </ItemGroup>
  <ItemGroup>
    <ClCompile Include="Ghostty\MainWindowRuntime.cpp">
      <Filter>Ghostty</Filter>
    </ClCompile>
    <ClCompile Include="Windows\MainWindow.xaml.cpp">
      <Filter>Windows</Filter>
    </ClCompile>
    <ClCompile Include="Windows\MainWindows.cpp">
      <Filter>Windows</Filter>
    </ClCompile>
    <ClCompile Include="Windows\WindowCloseGate.cpp">
      <Filter>Windows</Filter>
    </ClCompile>
    <ClCompile Include="Windows\TransparentBackdrop.cpp">
      <Filter>Windows</Filter>
    </ClCompile>
    <ClCompile Include="Tabs\SplitPanel.cpp">
      <Filter>Tabs</Filter>
    </ClCompile>
    <ClCompile Include="Terminal\TerminalControl.xaml.cpp">
      <Filter>Terminal</Filter>
    </ClCompile>
    <ClCompile Include="Terminal\ImeSession.cpp">
      <Filter>Terminal</Filter>
    </ClCompile>
    <ClCompile Include="Terminal\SurfaceHost.cpp">
      <Filter>Terminal</Filter>
    </ClCompile>
    <ClCompile Include="Terminal\Overlays\PaneStatusOverlay.xaml.cpp">
      <Filter>Terminal\Overlays</Filter>
    </ClCompile>
    <ClCompile Include="Terminal\Overlays\ScrollbackOverlay.xaml.cpp">
      <Filter>Terminal\Overlays</Filter>
    </ClCompile>
    <ClCompile Include="Terminal\Overlays\SearchOverlay.xaml.cpp">
      <Filter>Terminal\Overlays</Filter>
    </ClCompile>
  </ItemGroup>
  <ItemGroup>
    <Page Include="Windows\MainWindow.xaml">
      <Filter>Windows</Filter>
    </Page>
    <Page Include="Terminal\TerminalControl.xaml">
      <Filter>Terminal</Filter>
    </Page>
    <Page Include="Terminal\Overlays\PaneStatusOverlay.xaml">
      <Filter>Terminal\Overlays</Filter>
    </Page>
    <Page Include="Terminal\Overlays\ScrollbackOverlay.xaml">
      <Filter>Terminal\Overlays</Filter>
    </Page>
    <Page Include="Terminal\Overlays\SearchOverlay.xaml">
      <Filter>Terminal\Overlays</Filter>
    </Page>
  </ItemGroup>
  <ItemGroup>
    <Midl Include="Windows\MainWindow.idl">
      <Filter>Windows</Filter>
    </Midl>
    <Midl Include="Windows\TransparentBackdrop.idl">
      <Filter>Windows</Filter>
    </Midl>
    <Midl Include="Tabs\SplitPanel.idl">
      <Filter>Tabs</Filter>
    </Midl>
    <Midl Include="Terminal\TerminalControl.idl">
      <Filter>Terminal</Filter>
    </Midl>
    <Midl Include="Terminal\Overlays\PaneStatusOverlay.idl">
      <Filter>Terminal\Overlays</Filter>
    </Midl>
    <Midl Include="Terminal\Overlays\ScrollbackOverlay.idl">
      <Filter>Terminal\Overlays</Filter>
    </Midl>
    <Midl Include="Terminal\Overlays\SearchOverlay.idl">
      <Filter>Terminal\Overlays</Filter>
    </Midl>
  </ItemGroup>
  <ItemGroup>
    <Text Include="readme.txt" />
  </ItemGroup>
  <ItemGroup>
    <Manifest Include="app.manifest" />
  </ItemGroup>
  <ItemGroup>
    <None Include="packages.config" />
  </ItemGroup>
</Project>